
Microsoft Visual Studio Solution File, Format Version 12.00
# Visual Studio Version 16
VisualStudioVersion = 16.0.32413.511
MinimumVisualStudioVersion = 10.0.40219.1
Project("{FAE04EC0-301F-11D3-BF4B-00C04F79EFBC}") = "CS", "CS\CS.csproj", "{26A47109-CD22-46D5-8BCC-C734F04F79D0}"
EndProject
Global
	GlobalSection(SolutionConfigurationPlatforms) = preSolution
		Debug|Any CPU = Debug|Any CPU
		Release|Any CPU = Release|Any CPU
	EndGlobalSection
	GlobalSection(ProjectConfigurationPlatforms) = postSolution
		{26A47109-CD22-46D5-8BCC-C734F04F79D0}.Debug|Any CPU.ActiveCfg = Debug|Any CPU
		{26A47109-CD22-46D5-8BCC-C734F04F79D0}.Debug|Any CPU.Build.0 = Debug|Any CPU
		{26A47109-CD22-46D5-8BCC-C734F04F79D0}.Release|Any CPU.ActiveCfg = Release|Any CPU
		{26A47109-CD22-46D5-8BCC-C734F04F79D0}.Release|Any CPU.Build.0 = Release|Any CPU
	EndGlobalSection
	GlobalSection(SolutionProperties) = preSolution
		HideSolutionNode = FALSE
	EndGlobalSection
	GlobalSection(ExtensibilityGlobals) = postSolution
		SolutionGuid = {3A7CD96F-88B7-4451-92D8-44D7C1E9FD77}
	EndGlobalSection
EndGlobal
